
Microsoft Visual Studio Solution File, Format Version 12.00
# Visual Studio 15
VisualStudioVersion = 15.0.28010.2019
MinimumVisualStudioVersion = 10.0.40219.1
Project("{FAE04EC0-301F-11D3-BF4B-00C04F79EFBC}") = "Lb1", "Spz-V3\Lb1.csproj", "{DFAEF8D6-7D99-4E58-AB74-66BD2D53A42F}"
EndProject
Project("{FAE04EC0-301F-11D3-BF4B-00C04F79EFBC}") = "Lb2-NoName", "Lb2\Lb2-NoName.csproj", "{57ED8E2E-8035-4DAA-BF15-59ED05922A6C}"
EndProject
Project("{FAE04EC0-301F-11D3-BF4B-00C04F79EFBC}") = "Lb2_V2.0", "Lb2_V2.0\Lb2_V2.0.csproj", "{531B7AB2-B11E-47AE-ACC9-3B6BDB398281}"
EndProject
Project("{FAE04EC0-301F-11D3-BF4B-00C04F79EFBC}") = "Lb3", "Lb3\Lb3.csproj", "{C4B4014D-7052-4C93-A6BC-E196C4ADBE0A}"
EndProject
Project("{FAE04EC0-301F-11D3-BF4B-00C04F79EFBC}") = "Lb4", "Lb4\Lb4.csproj", "{CC61B44C-6D3F-4AFA-9CF7-D9C24440E54A}"
EndProject
Project("{FAE04EC0-301F-11D3-BF4B-00C04F79EFBC}") = "Lb5", "Lb5\Lb5.csproj", "{824BCFCD-B6FF-47E9-871C-2F4B0C66E755}"
EndProject
Project("{FAE04EC0-301F-11D3-BF4B-00C04F79EFBC}") = "Lb8", "Lb8\Lb8.csproj", "{C1556463-4BA0-4590-B9CA-910BFBFA6923}"
EndProject
Global
	GlobalSection(SolutionConfigurationPlatforms) = preSolution
		Debug|Any CPU = Debug|Any CPU
		Release|Any CPU = Release|Any CPU
	EndGlobalSection
	GlobalSection(ProjectConfigurationPlatforms) = postSolution
		{DFAEF8D6-7D99-4E58-AB74-66BD2D53A42F}.Debug|Any CPU.ActiveCfg = Debug|Any CPU
		{DFAEF8D6-7D99-4E58-AB74-66BD2D53A42F}.Debug|Any CPU.Build.0 = Debug|Any CPU
		{DFAEF8D6-7D99-4E58-AB74-66BD2D53A42F}.Release|Any CPU.ActiveCfg = Release|Any CPU
		{DFAEF8D6-7D99-4E58-AB74-66BD2D53A42F}.Release|Any CPU.Build.0 = Release|Any CPU
		{57ED8E2E-8035-4DAA-BF15-59ED05922A6C}.Debug|Any CPU.ActiveCfg = Debug|Any CPU
		{57ED8E2E-8035-4DAA-BF15-59ED05922A6C}.Debug|Any CPU.Build.0 = Debug|Any CPU
		{57ED8E2E-8035-4DAA-BF15-59ED05922A6C}.Release|Any CPU.ActiveCfg = Release|Any CPU
		{57ED8E2E-8035-4DAA-BF15-59ED05922A6C}.Release|Any CPU.Build.0 = Release|Any CPU
		{531B7AB2-B11E-47AE-ACC9-3B6BDB398281}.Debug|Any CPU.ActiveCfg = Debug|Any CPU
		{531B7AB2-B11E-47AE-ACC9-3B6BDB398281}.Debug|Any CPU.Build.0 = Debug|Any CPU
		{531B7AB2-B11E-47AE-ACC9-3B6BDB398281}.Release|Any CPU.ActiveCfg = Release|Any CPU
		{531B7AB2-B11E-47AE-ACC9-3B6BDB398281}.Release|Any CPU.Build.0 = Release|Any CPU
		{C4B4014D-7052-4C93-A6BC-E196C4ADBE0A}.Debug|Any CPU.ActiveCfg = Debug|Any CPU
		{C4B4014D-7052-4C93-A6BC-E196C4ADBE0A}.Debug|Any CPU.Build.0 = Debug|Any CPU
		{C4B4014D-7052-4C93-A6BC-E196C4ADBE0A}.Release|Any CPU.ActiveCfg = Release|Any CPU
		{C4B4014D-7052-4C93-A6BC-E196C4ADBE0A}.Release|Any CPU.Build.0 = Release|Any CPU
		{CC61B44C-6D3F-4AFA-9CF7-D9C24440E54A}.Debug|Any CPU.ActiveCfg = Debug|Any CPU
		{CC61B44C-6D3F-4AFA-9CF7-D9C24440E54A}.Debug|Any CPU.Build.0 = Debug|Any CPU
		{CC61B44C-6D3F-4AFA-9CF7-D9C24440E54A}.Release|Any CPU.ActiveCfg = Release|Any CPU
		{CC61B44C-6D3F-4AFA-9CF7-D9C24440E54A}.Release|Any CPU.Build.0 = Release|Any CPU
		{824BCFCD-B6FF-47E9-871C-2F4B0C66E755}.Debug|Any CPU.ActiveCfg = Debug|Any CPU
		{824BCFCD-B6FF-47E9-871C-2F4B0C66E755}.Debug|Any CPU.Build.0 = Debug|Any CPU
		{824BCFCD-B6FF-47E9-871C-2F4B0C66E755}.Release|Any CPU.ActiveCfg = Release|Any CPU
		{824BCFCD-B6FF-47E9-871C-2F4B0C66E755}.Release|Any CPU.Build.0 = Release|Any CPU
		{C1556463-4BA0-4590-B9CA-910BFBFA6923}.Debug|Any CPU.ActiveCfg = Debug|Any CPU
		{C1556463-4BA0-4590-B9CA-910BFBFA6923}.Debug|Any CPU.Build.0 = Debug|Any CPU
		{C1556463-4BA0-4590-B9CA-910BFBFA6923}.Release|Any CPU.ActiveCfg = Release|Any CPU
		{C1556463-4BA0-4590-B9CA-910BFBFA6923}.Release|Any CPU.Build.0 = Release|Any CPU
	EndGlobalSection
	GlobalSection(SolutionProperties) = preSolution
		HideSolutionNode = FALSE
	EndGlobalSection
	GlobalSection(ExtensibilityGlobals) = postSolution
		SolutionGuid = {95DBBDCE-F09E-4BCB-B4EE-6D32976444BF}
		    SolutionGuid = {A45C0A53-F151-463D-8F2F-8120367585F1}
	EndGlobalSection
EndGlobal
